
Microsoft Visual Studio Solution File, Format Version 12.00
# Visual Studio Version 17
VisualStudioVersion = 17.4.33122.133
MinimumVisualStudioVersion = 10.0.40219.1
Project("{FAE04EC0-301F-11D3-BF4B-00C04F79EFBC}") = "QRGenerator", "QRGenerator\QRGenerator.csproj", "{54A24974-BEB8-4E34-87D9-75F51DB17F0B}"
EndProject
Global
	GlobalSection(SolutionConfigurationPlatforms) = preSolution
		Debug|Any CPU = Debug|Any CPU
		Release|Any CPU = Release|Any CPU
	EndGlobalSection
	GlobalSection(ProjectConfigurationPlatforms) = postSolution
		{54A24974-BEB8-4E34-87D9-75F51DB17F0B}.Debug|Any CPU.ActiveCfg = Debug|Any CPU
		{54A24974-BEB8-4E34-87D9-75F51DB17F0B}.Debug|Any CPU.Build.0 = Debug|Any CPU
		{54A24974-BEB8-4E34-87D9-75F51DB17F0B}.Release|Any CPU.ActiveCfg = Release|Any CPU
		{54A24974-BEB8-4E34-87D9-75F51DB17F0B}.Release|Any CPU.Build.0 = Release|Any CPU
	EndGlobalSection
	GlobalSection(SolutionProperties) = preSolution
		HideSolutionNode = FALSE
	EndGlobalSection
	GlobalSection(ExtensibilityGlobals) = postSolution
		SolutionGuid = {764E364E-AB40-4B34-81B3-DCA62BE2083F}
	EndGlobalSection
EndGlobal
